
Microsoft Visual Studio Solution File, Format Version 12.00
# Visual Studio Version 17
VisualStudioVersion = 17.9.34616.47
MinimumVisualStudioVersion = 10.0.40219.1
Project("{FAE04EC0-301F-11D3-BF4B-00C04F79EFBC}") = "MigScript", "MigScript.csproj", "{56D98B87-AE0F-4BCD-A9A6-D0C6A74AD8DE}"
EndProject
Global
	GlobalSection(SolutionConfigurationPlatforms) = preSolution
		Debug|Any CPU = Debug|Any CPU
		Release|Any CPU = Release|Any CPU
	EndGlobalSection
	GlobalSection(ProjectConfigurationPlatforms) = postSolution
		{56D98B87-AE0F-4BCD-A9A6-D0C6A74AD8DE}.Debug|Any CPU.ActiveCfg = Debug|Any CPU
		{56D98B87-AE0F-4BCD-A9A6-D0C6A74AD8DE}.Debug|Any CPU.Build.0 = Debug|Any CPU
		{56D98B87-AE0F-4BCD-A9A6-D0C6A74AD8DE}.Release|Any CPU.ActiveCfg = Release|Any CPU
		{56D98B87-AE0F-4BCD-A9A6-D0C6A74AD8DE}.Release|Any CPU.Build.0 = Release|Any CPU
	EndGlobalSection
	GlobalSection(SolutionProperties) = preSolution
		HideSolutionNode = FALSE
	EndGlobalSection
	GlobalSection(ExtensibilityGlobals) = postSolution
		SolutionGuid = {399C9404-49FE-4EB9-AFC8-FB4087E8ABCE}
	EndGlobalSection
EndGlobal
